
Microsoft Visual Studio Solution File, Format Version 12.00
# Visual Studio Version 17
VisualStudioVersion = 17.2.32616.157
MinimumVisualStudioVersion = 10.0.40219.1
Project("{FAE04EC0-301F-11D3-BF4B-00C04F79EFBC}") = "ShopApp", "ShopApp\ShopApp.csproj", "{B074D098-44BC-441B-9F98-56167D7692B4}"
EndProject
Project("{FAE04EC0-301F-11D3-BF4B-00C04F79EFBC}") = "Library", "Library\Library.csproj", "{6C2AC883-90B3-4249-B05D-DA108F0A8FBA}"
EndProject
Global
	GlobalSection(SolutionConfigurationPlatforms) = preSolution
		Debug|Any CPU = Debug|Any CPU
		Release|Any CPU = Release|Any CPU
	EndGlobalSection
	GlobalSection(ProjectConfigurationPlatforms) = postSolution
		{B074D098-44BC-441B-9F98-56167D7692B4}.Debug|Any CPU.ActiveCfg = Debug|Any CPU
		{B074D098-44BC-441B-9F98-56167D7692B4}.Debug|Any CPU.Build.0 = Debug|Any CPU
		{B074D098-44BC-441B-9F98-56167D7692B4}.Release|Any CPU.ActiveCfg = Release|Any CPU
		{B074D098-44BC-441B-9F98-56167D7692B4}.Release|Any CPU.Build.0 = Release|Any CPU
		{6C2AC883-90B3-4249-B05D-DA108F0A8FBA}.Debug|Any CPU.ActiveCfg = Debug|Any CPU
		{6C2AC883-90B3-4249-B05D-DA108F0A8FBA}.Debug|Any CPU.Build.0 = Debug|Any CPU
		{6C2AC883-90B3-4249-B05D-DA108F0A8FBA}.Release|Any CPU.ActiveCfg = Release|Any CPU
		{6C2AC883-90B3-4249-B05D-DA108F0A8FBA}.Release|Any CPU.Build.0 = Release|Any CPU
	EndGlobalSection
	GlobalSection(SolutionProperties) = preSolution
		HideSolutionNode = FALSE
	EndGlobalSection
	GlobalSection(ExtensibilityGlobals) = postSolution
		SolutionGuid = {DB02534B-F1E4-402E-9F31-6F235F833AAD}
	EndGlobalSection
EndGlobal
